# This file is automatically @generated by Cargo.
# It is not intended for manual editing.
[[package]]
name = "java-rand"
version = "0.2.0"
source = "registry+https://github.com/rust-lang/crates.io-index"
checksum = "2007b51b83dc078bc08617dab8f41d7abd61bce0e7732f79e1d01219bf0add80"

[[package]]
name = "monolith-finder"
version = "0.1.0"
dependencies = [
 "java-rand",
]
